<?xml version="1.0" encoding="utf-8"?>
<Project ToolsVersion="4.0" xmlns="http://schemas.microsoft.com/developer/msbuild/2003">
  <ItemGroup>
    <Filter Include="Source Files">
      <UniqueIdentifier>{4FC737F1-C7A5-4376-A066-2A32D752A2FF}</UniqueIdentifier>
      <Extensions>cpp;c;cc;cxx;c++;cppm;ixx;def;odl;idl;hpj;bat;asm;asmx</Extensions>
    </Filter>
    <Filter Include="Header Files">
      <UniqueIdentifier>{93995380-89BD-4b04-88EB-625FBE52EBFB}</UniqueIdentifier>
      <Extensions>h;hh;hpp;hxx;h++;hm;inl;inc;ipp;xsd</Extensions>
    </Filter>
    <Filter Include="Resource Files">
      <UniqueIdentifier>{67DA6AB6-F800-4c08-8B7A-83BB121AAD01}</UniqueIdentifier>
      <Extensions>rc;ico;cur;bmp;dlg;rc2;rct;bin;rgs;gif;jpg;jpeg;jpe;resx;tiff;tif;png;wav;mfcribbon-ms</Extensions>
    </Filter>
    <Filter Include="Header Files\Base Classes">
      <UniqueIdentifier>{df25f9e6-c865-4774-bc2b-78ff62824392}</UniqueIdentifier>
    </Filter>
    <Filter Include="Header Files\Program Data">
      <UniqueIdentifier>{d4d94135-b8e5-4081-b335-ac75663df540}</UniqueIdentifier>
    </Filter>
    <Filter Include="Header Files\Utils">
      <UniqueIdentifier>{f15e1588-731d-4303-b6e6-972df3bfb8a5}</UniqueIdentifier>
    </Filter>
    <Filter Include="Resource Files\Textures">
      <UniqueIdentifier>{3a526ac6-95ac-4640-a145-cf64dd978da2}</UniqueIdentifier>
    </Filter>
    <Filter Include="Header Files\GameWindow">
      <UniqueIdentifier>{3e8dc7b3-a57b-4fe3-a610-b8df40db3461}</UniqueIdentifier>
    </Filter>
    <Filter Include="Header Files\MinefieldWindow">
      <UniqueIdentifier>{9e7db0c2-5f96-4c73-aeb0-c3865ee0e2c7}</UniqueIdentifier>
    </Filter>
    <Filter Include="Source Files\MinefieldWindow">
      <UniqueIdentifier>{c5325fcf-3985-47eb-95b1-509c068fd9ff}</UniqueIdentifier>
    </Filter>
    <Filter Include="Source Files\GameInfoBarWindow">
      <UniqueIdentifier>{340fff5f-828e-436f-9dd4-280b45b84b23}</UniqueIdentifier>
    </Filter>
    <Filter Include="Header Files\GameInfoBarWindow">
      <UniqueIdentifier>{06937424-f79a-4c79-8d45-abf4e9886a99}</UniqueIdentifier>
    </Filter>
    <Filter Include="Source Files\GameWindow">
      <UniqueIdentifier>{d761a3bf-7e1a-4e9a-90ff-e5a88bb3f02c}</UniqueIdentifier>
    </Filter>
  </ItemGroup>
  <ItemGroup>
    <ClCompile Include="Minesweeper.cpp">
      <Filter>Source Files</Filter>
    </ClCompile>
    <ClCompile Include="GameWindow.cpp">
      <Filter>Source Files\GameWindow</Filter>
    </ClCompile>
    <ClCompile Include="GameOptionsDialog.cpp">
      <Filter>Source Files\GameWindow</Filter>
    </ClCompile>
    <ClCompile Include="MinefieldWindow.cpp">
      <Filter>Source Files\MinefieldWindow</Filter>
    </ClCompile>
    <ClCompile Include="MinefieldScene.cpp">
      <Filter>Source Files\MinefieldWindow</Filter>
    </ClCompile>
    <ClCompile Include="GameInfoBarWindow.cpp">
      <Filter>Source Files\GameInfoBarWindow</Filter>
    </ClCompile>
    <ClCompile Include="CounterScene.cpp">
      <Filter>Source Files\GameInfoBarWindow</Filter>
    </ClCompile>
    <ClCompile Include="CounterWindow.cpp">
      <Filter>Source Files\GameInfoBarWindow</Filter>
    </ClCompile>
    <ClCompile Include="SmileWindow.cpp">
      <Filter>Source Files\GameInfoBarWindow</Filter>
    </ClCompile>
    <ClCompile Include="SmileScene.cpp">
      <Filter>Source Files\GameInfoBarWindow</Filter>
    </ClCompile>
    <ClCompile Include="BorderScene.cpp">
      <Filter>Source Files\GameWindow</Filter>
    </ClCompile>
  </ItemGroup>
  <ItemGroup>
    <ClInclude Include="BaseDialog.h">
      <Filter>Header Files\Base Classes</Filter>
    </ClInclude>
    <ClInclude Include="BaseScene.h">
      <Filter>Header Files\Base Classes</Filter>
    </ClInclude>
    <ClInclude Include="BaseWindow.h">
      <Filter>Header Files\Base Classes</Filter>
    </ClInclude>
    <ClInclude Include="colors.h">
      <Filter>Header Files\Program Data</Filter>
    </ClInclude>
    <ClInclude Include="constants.h">
      <Filter>Header Files\Program Data</Filter>
    </ClInclude>
    <ClInclude Include="resource.h">
      <Filter>Header Files\Program Data</Filter>
    </ClInclude>
    <ClInclude Include="GameWindow.h">
      <Filter>Header Files\GameWindow</Filter>
    </ClInclude>
    <ClInclude Include="GameOptionsDialog.h">
      <Filter>Header Files\GameWindow</Filter>
    </ClInclude>
    <ClInclude Include="MinefieldWindow.h">
      <Filter>Header Files\MinefieldWindow</Filter>
    </ClInclude>
    <ClInclude Include="MinefieldScene.h">
      <Filter>Header Files\MinefieldWindow</Filter>
    </ClInclude>
    <ClInclude Include="MineTile.h">
      <Filter>Header Files\MinefieldWindow</Filter>
    </ClInclude>
    <ClInclude Include="CounterScene.h">
      <Filter>Header Files\GameInfoBarWindow</Filter>
    </ClInclude>
    <ClInclude Include="GameInfoBarWindow.h">
      <Filter>Header Files\GameInfoBarWindow</Filter>
    </ClInclude>
    <ClInclude Include="RNG.h">
      <Filter>Header Files\Utils</Filter>
    </ClInclude>
    <ClInclude Include="CounterWindow.h">
      <Filter>Header Files\GameInfoBarWindow</Filter>
    </ClInclude>
    <ClInclude Include="SmileWindow.h">
      <Filter>Header Files\GameInfoBarWindow</Filter>
    </ClInclude>
    <ClInclude Include="SmileScene.h">
      <Filter>Header Files\GameInfoBarWindow</Filter>
    </ClInclude>
    <ClInclude Include="enums.h">
      <Filter>Header Files\Program Data</Filter>
    </ClInclude>
    <ClInclude Include="BorderScene.h">
      <Filter>Header Files\GameWindow</Filter>
    </ClInclude>
    <ClInclude Include="BorderHelper.h">
      <Filter>Header Files\Utils</Filter>
    </ClInclude>
  </ItemGroup>
  <ItemGroup>
    <ResourceCompile Include="Minesweeper.rc">
      <Filter>Resource Files</Filter>
    </ResourceCompile>
  </ItemGroup>
  <ItemGroup>
    <Image Include="Textures\x_mark.png">
      <Filter>Resource Files\Textures</Filter>
    </Image>
    <Image Include="Textures\MinesweeperWin32.ico">
      <Filter>Resource Files\Textures</Filter>
    </Image>
  </ItemGroup>
  <ItemGroup>
    <Manifest Include="Minesweeper.manifest">
      <Filter>Resource Files</Filter>
    </Manifest>
  </ItemGroup>
</Project>